lockVersion: 2.0.0
id: 883d5771-dfa7-43d5-90ba-2bfb2f4aecf4
management:
  docChecksum: 4630b0f9202139f9bda8040d8ed4b8e3
  docVersion: "1.0"
  speakeasyVersion: internal
  generationVersion: 2.234.3
  releaseVersion: 0.9.2
  configChecksum: 18a2379a3d3b7dcc1d3684c90331a033
  repoURL: https://github.com/speakeasy-sdks/merge-ats-go.git
  repoSubDirectory: .
  installationURL: https://github.com/speakeasy-sdks/merge-ats-go
  published: true
features:
  go:
    constsAndDefaults: 0.1.2
    core: 3.3.1
    flattening: 2.81.1
    globalSecurity: 2.82.3
    globalServerURLs: 2.82.1
    nameOverrides: 2.81.1
generatedFiles:
  - accountdetails.go
  - accounttoken.go
  - activities.go
  - applications.go
  - asyncpassthrough.go
  - attachments.go
  - availableactions.go
  - candidates.go
  - deleteaccount.go
  - departments.go
  - eeocs.go
  - generatekey.go
  - interviews.go
  - issues.go
  - jobinterviewstages.go
  - jobs.go
  - linktoken.go
  - linkedaccounts.go
  - offers.go
  - offices.go
  - passthrough.go
  - regeneratekey.go
  - rejectreasons.go
  - scorecards.go
  - selectivesync.go
  - syncstatus.go
  - forceresync.go
  - tags.go
  - users.go
  - webhookreceivers.go
  - ats.go
  - go.mod
  - go.sum
  - tests/helpers.go
  - pkg/models/sdkerrors/sdkerror.go
  - pkg/types/bigint.go
  - pkg/types/date.go
  - pkg/types/datetime.go
  - pkg/types/decimal.go
  - pkg/types/pointers.go
  - pkg/utils/contenttype.go
  - pkg/utils/form.go
  - pkg/utils/headers.go
  - pkg/utils/json.go
  - pkg/utils/pathparams.go
  - pkg/utils/queryparams.go
  - pkg/utils/requestbody.go
  - pkg/utils/retries.go
  - pkg/utils/security.go
  - pkg/utils/utils.go
  - /pkg/models/operations/accountdetailsretrieve.go
  - /pkg/models/operations/accounttokenretrieve.go
  - /pkg/models/operations/activitiescreate.go
  - /pkg/models/operations/activitieslist.go
  - /pkg/models/operations/activitiesretrieve.go
  - /pkg/models/operations/activitiesmetapostretrieve.go
  - /pkg/models/operations/applicationscreate.go
  - /pkg/models/operations/applicationslist.go
  - /pkg/models/operations/applicationsretrieve.go
  - /pkg/models/operations/applicationsmetapostretrieve.go
  - /pkg/models/operations/applicationschangestagecreate.go
  - /pkg/models/operations/asyncpassthroughcreate.go
  - /pkg/models/operations/asyncpassthroughretrieve.go
  - /pkg/models/operations/attachmentscreate.go
  - /pkg/models/operations/attachmentslist.go
  - /pkg/models/operations/attachmentsretrieve.go
  - /pkg/models/operations/attachmentsmetapostretrieve.go
  - /pkg/models/operations/availableactionsretrieve.go
  - /pkg/models/operations/candidatescreate.go
  - /pkg/models/operations/candidatesignorecreate.go
  - /pkg/models/operations/candidateslist.go
  - /pkg/models/operations/candidatesretrieve.go
  - /pkg/models/operations/candidatesmetapatchretrieve.go
  - /pkg/models/operations/candidatesmetapostretrieve.go
  - /pkg/models/operations/partialupdate.go
  - /pkg/models/operations/deleteaccountdelete.go
  - /pkg/models/operations/departmentslist.go
  - /pkg/models/operations/departmentsretrieve.go
  - /pkg/models/operations/eeocslist.go
  - /pkg/models/operations/eeocsretrieve.go
  - /pkg/models/operations/generatekeycreate.go
  - /pkg/models/operations/interviewscreate.go
  - /pkg/models/operations/interviewslist.go
  - /pkg/models/operations/interviewsretrieve.go
  - /pkg/models/operations/interviewsmetapostretrieve.go
  - /pkg/models/operations/issueslist.go
  - /pkg/models/operations/issuesretrieve.go
  - /pkg/models/operations/jobinterviewstageslist.go
  - /pkg/models/operations/jobinterviewstagesretrieve.go
  - /pkg/models/operations/jobslist.go
  - /pkg/models/operations/jobsretrieve.go
  - /pkg/models/operations/linktokencreate.go
  - /pkg/models/operations/linkedaccountslist.go
  - /pkg/models/operations/offerslist.go
  - /pkg/models/operations/offersretrieve.go
  - /pkg/models/operations/officeslist.go
  - /pkg/models/operations/officesretrieve.go
  - /pkg/models/operations/passthroughcreate.go
  - /pkg/models/operations/regeneratekeycreate.go
  - /pkg/models/operations/rejectreasonslist.go
  - /pkg/models/operations/rejectreasonsretrieve.go
  - /pkg/models/operations/scorecardslist.go
  - /pkg/models/operations/scorecardsretrieve.go
  - /pkg/models/operations/selectivesyncconfigurationslist.go
  - /pkg/models/operations/selectivesyncmetalist.go
  - /pkg/models/operations/selectivesyncconfigurationsupdate.go
  - /pkg/models/operations/syncstatuslist.go
  - /pkg/models/operations/syncstatusresynccreate.go
  - /pkg/models/operations/tagslist.go
  - /pkg/models/operations/userslist.go
  - /pkg/models/operations/usersretrieve.go
  - /pkg/models/operations/webhookreceiverscreate.go
  - /pkg/models/operations/webhookreceiverslist.go
  - /pkg/models/shared/accountdetails.go
  - /pkg/models/shared/accounttoken.go
  - /pkg/models/shared/accountintegration.go
  - /pkg/models/shared/categoriesenum.go
  - /pkg/models/shared/activityresponse.go
  - /pkg/models/shared/warningvalidationproblem.go
  - /pkg/models/shared/validationproblemsource.go
  - /pkg/models/shared/activity.go
  - /pkg/models/shared/remotedata.go
  - /pkg/models/shared/debugmodelog.go
  - /pkg/models/shared/debugmodellogsummary.go
  - /pkg/models/shared/errorvalidationproblem.go
  - /pkg/models/shared/activityendpointrequest.go
  - /pkg/models/shared/activityrequest.go
  - /pkg/models/shared/paginatedactivitylist.go
  - /pkg/models/shared/metaresponse.go
  - /pkg/models/shared/linkedaccountstatus.go
  - /pkg/models/shared/applicationresponse.go
  - /pkg/models/shared/application.go
  - /pkg/models/shared/applicationendpointrequest.go
  - /pkg/models/shared/applicationrequest.go
  - /pkg/models/shared/paginatedapplicationlist.go
  - /pkg/models/shared/updateapplicationstagerequest.go
  - /pkg/models/shared/asyncpassthroughreciept.go
  - /pkg/models/shared/datapassthroughrequest.go
  - /pkg/models/shared/multipartformfieldrequest.go
  - /pkg/models/shared/remoteresponse.go
  - /pkg/models/shared/attachmentresponse.go
  - /pkg/models/shared/attachment.go
  - /pkg/models/shared/attachmentendpointrequest.go
  - /pkg/models/shared/attachmentrequest.go
  - /pkg/models/shared/paginatedattachmentlist.go
  - /pkg/models/shared/availableactions.go
  - /pkg/models/shared/modeloperation.go
  - /pkg/models/shared/candidateresponse.go
  - /pkg/models/shared/candidate.go
  - /pkg/models/shared/url.go
  - /pkg/models/shared/phonenumber.go
  - /pkg/models/shared/emailaddress.go
  - /pkg/models/shared/candidateendpointrequest.go
  - /pkg/models/shared/candidaterequest.go
  - /pkg/models/shared/urlrequest.go
  - /pkg/models/shared/phonenumberrequest.go
  - /pkg/models/shared/emailaddressrequest.go
  - /pkg/models/shared/ignorecommonmodelrequest.go
  - /pkg/models/shared/paginatedcandidatelist.go
  - /pkg/models/shared/patchedcandidateendpointrequest.go
  - /pkg/models/shared/patchedcandidaterequest.go
  - /pkg/models/shared/paginateddepartmentlist.go
  - /pkg/models/shared/department.go
  - /pkg/models/shared/paginatedeeoclist.go
  - /pkg/models/shared/eeoc.go
  - /pkg/models/shared/remotekey.go
  - /pkg/models/shared/generateremotekeyrequest.go
  - /pkg/models/shared/scheduledinterviewresponse.go
  - /pkg/models/shared/scheduledinterview.go
  - /pkg/models/shared/scheduledinterviewendpointrequest.go
  - /pkg/models/shared/scheduledinterviewrequest.go
  - /pkg/models/shared/paginatedscheduledinterviewlist.go
  - /pkg/models/shared/paginatedissuelist.go
  - /pkg/models/shared/issue.go
  - /pkg/models/shared/paginatedjobinterviewstagelist.go
  - /pkg/models/shared/jobinterviewstage.go
  - /pkg/models/shared/paginatedjoblist.go
  - /pkg/models/shared/job.go
  - /pkg/models/shared/linktoken.go
  - /pkg/models/shared/enduserdetailsrequest.go
  - /pkg/models/shared/commonmodelscopesbodyrequest.go
  - /pkg/models/shared/enabledactionsenum.go
  - /pkg/models/shared/paginatedaccountdetailsandactionslist.go
  - /pkg/models/shared/accountdetailsandactions.go
  - /pkg/models/shared/accountdetailsandactionsintegration.go
  - /pkg/models/shared/paginatedofferlist.go
  - /pkg/models/shared/offer.go
  - /pkg/models/shared/paginatedofficelist.go
  - /pkg/models/shared/office.go
  - /pkg/models/shared/remotekeyforregenerationrequest.go
  - /pkg/models/shared/paginatedrejectreasonlist.go
  - /pkg/models/shared/rejectreason.go
  - /pkg/models/shared/paginatedscorecardlist.go
  - /pkg/models/shared/scorecard.go
  - /pkg/models/shared/linkedaccountselectivesyncconfiguration.go
  - /pkg/models/shared/linkedaccountcondition.go
  - /pkg/models/shared/paginatedconditionschemalist.go
  - /pkg/models/shared/conditionschema.go
  - /pkg/models/shared/operatorschema.go
  - /pkg/models/shared/conditiontypeenum.go
  - /pkg/models/shared/linkedaccountselectivesyncconfigurationlistrequest.go
  - /pkg/models/shared/linkedaccountselectivesyncconfigurationrequest.go
  - /pkg/models/shared/linkedaccountconditionrequest.go
  - /pkg/models/shared/paginatedsyncstatuslist.go
  - /pkg/models/shared/syncstatus.go
  - /pkg/models/shared/selectivesyncconfigurationsusageenum.go
  - /pkg/models/shared/paginatedtaglist.go
  - /pkg/models/shared/tag.go
  - /pkg/models/shared/paginatedremoteuserlist.go
  - /pkg/models/shared/remoteuser.go
  - /pkg/models/shared/webhookreceiver.go
  - /pkg/models/shared/webhookreceiverrequest.go
  - /pkg/models/shared/security.go
  - docs/pkg/models/operations/accountdetailsretrieverequest.md
  - docs/pkg/models/operations/accountdetailsretrieveresponse.md
  - docs/pkg/models/operations/accounttokenretrieverequest.md
  - docs/pkg/models/operations/accounttokenretrieveresponse.md
  - docs/pkg/models/operations/activitiescreaterequest.md
  - docs/pkg/models/operations/activitiescreateresponse.md
  - docs/pkg/models/operations/expand.md
  - docs/pkg/models/operations/remotefields.md
  - docs/pkg/models/operations/showenumorigins.md
  - docs/pkg/models/operations/activitieslistrequest.md
  - docs/pkg/models/operations/activitieslistresponse.md
  - docs/pkg/models/operations/queryparamexpand.md
  - docs/pkg/models/operations/queryparamremotefields.md
  - docs/pkg/models/operations/queryparamshowenumorigins.md
  - docs/pkg/models/operations/activitiesretrieverequest.md
  - docs/pkg/models/operations/activitiesretrieveresponse.md
  - docs/pkg/models/operations/activitiesmetapostretrieverequest.md
  - docs/pkg/models/operations/activitiesmetapostretrieveresponse.md
  - docs/pkg/models/operations/applicationscreaterequest.md
  - docs/pkg/models/operations/applicationscreateresponse.md
  - docs/pkg/models/operations/applicationslistqueryparamexpand.md
  - docs/pkg/models/operations/applicationslistrequest.md
  - docs/pkg/models/operations/applicationslistresponse.md
  - docs/pkg/models/operations/applicationsretrievequeryparamexpand.md
  - docs/pkg/models/operations/applicationsretrieverequest.md
  - docs/pkg/models/operations/applicationsretrieveresponse.md
  - docs/pkg/models/operations/applicationsmetapostretrieverequest.md
  - docs/pkg/models/operations/applicationsmetapostretrieveresponse.md
  - docs/pkg/models/operations/applicationschangestagecreaterequest.md
  - docs/pkg/models/operations/applicationschangestagecreateresponse.md
  - docs/pkg/models/operations/asyncpassthroughcreaterequest.md
  - docs/pkg/models/operations/asyncpassthroughcreateresponse.md
  - docs/pkg/models/operations/asyncpassthroughretrieverequest.md
  - docs/pkg/models/operations/asyncpassthroughretrieveresponse.md
  - docs/pkg/models/operations/attachmentscreaterequest.md
  - docs/pkg/models/operations/attachmentscreateresponse.md
  - docs/pkg/models/operations/attachmentslistqueryparamexpand.md
  - docs/pkg/models/operations/attachmentslistqueryparamremotefields.md
  - docs/pkg/models/operations/attachmentslistqueryparamshowenumorigins.md
  - docs/pkg/models/operations/attachmentslistrequest.md
  - docs/pkg/models/operations/attachmentslistresponse.md
  - docs/pkg/models/operations/attachmentsretrievequeryparamexpand.md
  - docs/pkg/models/operations/attachmentsretrievequeryparamremotefields.md
  - docs/pkg/models/operations/attachmentsretrievequeryparamshowenumorigins.md
  - docs/pkg/models/operations/attachmentsretrieverequest.md
  - docs/pkg/models/operations/attachmentsretrieveresponse.md
  - docs/pkg/models/operations/attachmentsmetapostretrieverequest.md
  - docs/pkg/models/operations/attachmentsmetapostretrieveresponse.md
  - docs/pkg/models/operations/availableactionsretrieverequest.md
  - docs/pkg/models/operations/availableactionsretrieveresponse.md
  - docs/pkg/models/operations/candidatescreaterequest.md
  - docs/pkg/models/operations/candidatescreateresponse.md
  - docs/pkg/models/operations/candidatesignorecreaterequest.md
  - docs/pkg/models/operations/candidatesignorecreateresponse.md
  - docs/pkg/models/operations/candidateslistqueryparamexpand.md
  - docs/pkg/models/operations/candidateslistrequest.md
  - docs/pkg/models/operations/candidateslistresponse.md
  - docs/pkg/models/operations/candidatesretrievequeryparamexpand.md
  - docs/pkg/models/operations/candidatesretrieverequest.md
  - docs/pkg/models/operations/candidatesretrieveresponse.md
  - docs/pkg/models/operations/candidatesmetapatchretrieverequest.md
  - docs/pkg/models/operations/candidatesmetapatchretrieveresponse.md
  - docs/pkg/models/operations/candidatesmetapostretrieverequest.md
  - docs/pkg/models/operations/candidatesmetapostretrieveresponse.md
  - docs/pkg/models/operations/partialupdaterequest.md
  - docs/pkg/models/operations/partialupdateresponse.md
  - docs/pkg/models/operations/deleteaccountdeleterequest.md
  - docs/pkg/models/operations/deleteaccountdeleteresponse.md
  - docs/pkg/models/operations/departmentslistrequest.md
  - docs/pkg/models/operations/departmentslistresponse.md
  - docs/pkg/models/operations/departmentsretrieverequest.md
  - docs/pkg/models/operations/departmentsretrieveresponse.md
  - docs/pkg/models/operations/eeocslistqueryparamexpand.md
  - docs/pkg/models/operations/eeocslistqueryparamremotefields.md
  - docs/pkg/models/operations/eeocslistqueryparamshowenumorigins.md
  - docs/pkg/models/operations/eeocslistrequest.md
  - docs/pkg/models/operations/eeocslistresponse.md
  - docs/pkg/models/operations/eeocsretrievequeryparamexpand.md
  - docs/pkg/models/operations/eeocsretrievequeryparamremotefields.md
  - docs/pkg/models/operations/eeocsretrievequeryparamshowenumorigins.md
  - docs/pkg/models/operations/eeocsretrieverequest.md
  - docs/pkg/models/operations/eeocsretrieveresponse.md
  - docs/pkg/models/operations/generatekeycreateresponse.md
  - docs/pkg/models/operations/interviewscreaterequest.md
  - docs/pkg/models/operations/interviewscreateresponse.md
  - docs/pkg/models/operations/interviewslistqueryparamexpand.md
  - docs/pkg/models/operations/interviewslistqueryparamremotefields.md
  - docs/pkg/models/operations/interviewslistqueryparamshowenumorigins.md
  - docs/pkg/models/operations/interviewslistrequest.md
  - docs/pkg/models/operations/interviewslistresponse.md
  - docs/pkg/models/operations/interviewsretrievequeryparamexpand.md
  - docs/pkg/models/operations/interviewsretrievequeryparamremotefields.md
  - docs/pkg/models/operations/interviewsretrievequeryparamshowenumorigins.md
  - docs/pkg/models/operations/interviewsretrieverequest.md
  - docs/pkg/models/operations/interviewsretrieveresponse.md
  - docs/pkg/models/operations/interviewsmetapostretrieverequest.md
  - docs/pkg/models/operations/interviewsmetapostretrieveresponse.md
  - docs/pkg/models/operations/status.md
  - docs/pkg/models/operations/issueslistrequest.md
  - docs/pkg/models/operations/issueslistresponse.md
  - docs/pkg/models/operations/issuesretrieverequest.md
  - docs/pkg/models/operations/issuesretrieveresponse.md
  - docs/pkg/models/operations/jobinterviewstageslistqueryparamexpand.md
  - docs/pkg/models/operations/jobinterviewstageslistrequest.md
  - docs/pkg/models/operations/jobinterviewstageslistresponse.md
  - docs/pkg/models/operations/jobinterviewstagesretrievequeryparamexpand.md
  - docs/pkg/models/operations/jobinterviewstagesretrieverequest.md
  - docs/pkg/models/operations/jobinterviewstagesretrieveresponse.md
  - docs/pkg/models/operations/jobslistqueryparamexpand.md
  - docs/pkg/models/operations/jobslistqueryparamremotefields.md
  - docs/pkg/models/operations/jobslistqueryparamshowenumorigins.md
  - docs/pkg/models/operations/queryparamstatus.md
  - docs/pkg/models/operations/jobslistrequest.md
  - docs/pkg/models/operations/jobslistresponse.md
  - docs/pkg/models/operations/jobsretrievequeryparamexpand.md
  - docs/pkg/models/operations/jobsretrievequeryparamremotefields.md
  - docs/pkg/models/operations/jobsretrievequeryparamshowenumorigins.md
  - docs/pkg/models/operations/jobsretrieverequest.md
  - docs/pkg/models/operations/jobsretrieveresponse.md
  - docs/pkg/models/operations/linktokencreateresponse.md
  - docs/pkg/models/operations/category.md
  - docs/pkg/models/operations/linkedaccountslistrequest.md
  - docs/pkg/models/operations/linkedaccountslistresponse.md
  - docs/pkg/models/operations/offerslistqueryparamexpand.md
  - docs/pkg/models/operations/offerslistqueryparamremotefields.md
  - docs/pkg/models/operations/offerslistqueryparamshowenumorigins.md
  - docs/pkg/models/operations/offerslistrequest.md
  - docs/pkg/models/operations/offerslistresponse.md
  - docs/pkg/models/operations/offersretrievequeryparamexpand.md
  - docs/pkg/models/operations/offersretrievequeryparamremotefields.md
  - docs/pkg/models/operations/offersretrievequeryparamshowenumorigins.md
  - docs/pkg/models/operations/offersretrieverequest.md
  - docs/pkg/models/operations/offersretrieveresponse.md
  - docs/pkg/models/operations/officeslistrequest.md
  - docs/pkg/models/operations/officeslistresponse.md
  - docs/pkg/models/operations/officesretrieverequest.md
  - docs/pkg/models/operations/officesretrieveresponse.md
  - docs/pkg/models/operations/passthroughcreaterequest.md
  - docs/pkg/models/operations/passthroughcreateresponse.md
  - docs/pkg/models/operations/regeneratekeycreateresponse.md
  - docs/pkg/models/operations/rejectreasonslistrequest.md
  - docs/pkg/models/operations/rejectreasonslistresponse.md
  - docs/pkg/models/operations/rejectreasonsretrieverequest.md
  - docs/pkg/models/operations/rejectreasonsretrieveresponse.md
  - docs/pkg/models/operations/scorecardslistqueryparamexpand.md
  - docs/pkg/models/operations/scorecardslistqueryparamremotefields.md
  - docs/pkg/models/operations/scorecardslistqueryparamshowenumorigins.md
  - docs/pkg/models/operations/scorecardslistrequest.md
  - docs/pkg/models/operations/scorecardslistresponse.md
  - docs/pkg/models/operations/scorecardsretrievequeryparamexpand.md
  - docs/pkg/models/operations/scorecardsretrievequeryparamremotefields.md
  - docs/pkg/models/operations/scorecardsretrievequeryparamshowenumorigins.md
  - docs/pkg/models/operations/scorecardsretrieverequest.md
  - docs/pkg/models/operations/scorecardsretrieveresponse.md
  - docs/pkg/models/operations/selectivesyncconfigurationslistrequest.md
  - docs/pkg/models/operations/selectivesyncconfigurationslistresponse.md
  - docs/pkg/models/operations/selectivesyncmetalistrequest.md
  - docs/pkg/models/operations/selectivesyncmetalistresponse.md
  - docs/pkg/models/operations/selectivesyncconfigurationsupdaterequest.md
  - docs/pkg/models/operations/selectivesyncconfigurationsupdateresponse.md
  - docs/pkg/models/operations/syncstatuslistrequest.md
  - docs/pkg/models/operations/syncstatuslistresponse.md
  - docs/pkg/models/operations/syncstatusresynccreaterequest.md
  - docs/pkg/models/operations/syncstatusresynccreateresponse.md
  - docs/pkg/models/operations/tagslistrequest.md
  - docs/pkg/models/operations/tagslistresponse.md
  - docs/pkg/models/operations/userslistqueryparamremotefields.md
  - docs/pkg/models/operations/userslistqueryparamshowenumorigins.md
  - docs/pkg/models/operations/userslistrequest.md
  - docs/pkg/models/operations/userslistresponse.md
  - docs/pkg/models/operations/usersretrievequeryparamremotefields.md
  - docs/pkg/models/operations/usersretrievequeryparamshowenumorigins.md
  - docs/pkg/models/operations/usersretrieverequest.md
  - docs/pkg/models/operations/usersretrieveresponse.md
  - docs/pkg/models/operations/webhookreceiverscreaterequest.md
  - docs/pkg/models/operations/webhookreceiverscreateresponse.md
  - docs/pkg/models/operations/webhookreceiverslistrequest.md
  - docs/pkg/models/operations/webhookreceiverslistresponse.md
  - docs/pkg/models/shared/category.md
  - docs/pkg/models/shared/accountdetails.md
  - docs/pkg/models/shared/accounttoken.md
  - docs/pkg/models/shared/accountintegration.md
  - docs/pkg/models/shared/categoriesenum.md
  - docs/pkg/models/shared/activityresponse.md
  - docs/pkg/models/shared/warningvalidationproblem.md
  - docs/pkg/models/shared/validationproblemsource.md
  - docs/pkg/models/shared/activitytype.md
  - docs/pkg/models/shared/visibility.md
  - docs/pkg/models/shared/activity.md
  - docs/pkg/models/shared/remotedata.md
  - docs/pkg/models/shared/debugmodelog.md
  - docs/pkg/models/shared/debugmodellogsummary.md
  - docs/pkg/models/shared/errorvalidationproblem.md
  - docs/pkg/models/shared/activityendpointrequest.md
  - docs/pkg/models/shared/activityrequestactivitytype.md
  - docs/pkg/models/shared/activityrequestvisibility.md
  - docs/pkg/models/shared/activityrequest.md
  - docs/pkg/models/shared/paginatedactivitylist.md
  - docs/pkg/models/shared/metaresponse.md
  - docs/pkg/models/shared/linkedaccountstatus.md
  - docs/pkg/models/shared/applicationresponse.md
  - docs/pkg/models/shared/application.md
  - docs/pkg/models/shared/applicationendpointrequest.md
  - docs/pkg/models/shared/applicationrequest.md
  - docs/pkg/models/shared/paginatedapplicationlist.md
  - docs/pkg/models/shared/updateapplicationstagerequest.md
  - docs/pkg/models/shared/asyncpassthroughreciept.md
  - docs/pkg/models/shared/method.md
  - docs/pkg/models/shared/requestformat.md
  - docs/pkg/models/shared/datapassthroughrequest.md
  - docs/pkg/models/shared/encoding.md
  - docs/pkg/models/shared/multipartformfieldrequest.md
  - docs/pkg/models/shared/responsetype.md
  - docs/pkg/models/shared/remoteresponse.md
  - docs/pkg/models/shared/attachmentresponse.md
  - docs/pkg/models/shared/attachmenttype.md
  - docs/pkg/models/shared/attachment.md
  - docs/pkg/models/shared/attachmentendpointrequest.md
  - docs/pkg/models/shared/attachmentrequestattachmenttype.md
  - docs/pkg/models/shared/attachmentrequest.md
  - docs/pkg/models/shared/paginatedattachmentlist.md
  - docs/pkg/models/shared/availableactions.md
  - docs/pkg/models/shared/modeloperation.md
  - docs/pkg/models/shared/candidateresponse.md
  - docs/pkg/models/shared/candidate.md
  - docs/pkg/models/shared/urltype.md
  - docs/pkg/models/shared/url.md
  - docs/pkg/models/shared/phonenumbertype.md
  - docs/pkg/models/shared/phonenumber.md
  - docs/pkg/models/shared/emailaddresstype.md
  - docs/pkg/models/shared/emailaddress.md
  - docs/pkg/models/shared/candidateendpointrequest.md
  - docs/pkg/models/shared/candidaterequest.md
  - docs/pkg/models/shared/urlrequesturltype.md
  - docs/pkg/models/shared/urlrequest.md
  - docs/pkg/models/shared/phonenumberrequestphonenumbertype.md
  - docs/pkg/models/shared/phonenumberrequest.md
  - docs/pkg/models/shared/emailaddressrequestemailaddresstype.md
  - docs/pkg/models/shared/emailaddressrequest.md
  - docs/pkg/models/shared/reason.md
  - docs/pkg/models/shared/ignorecommonmodelrequest.md
  - docs/pkg/models/shared/paginatedcandidatelist.md
  - docs/pkg/models/shared/patchedcandidateendpointrequest.md
  - docs/pkg/models/shared/patchedcandidaterequest.md
  - docs/pkg/models/shared/paginateddepartmentlist.md
  - docs/pkg/models/shared/department.md
  - docs/pkg/models/shared/paginatedeeoclist.md
  - docs/pkg/models/shared/disabilitystatus.md
  - docs/pkg/models/shared/gender.md
  - docs/pkg/models/shared/race.md
  - docs/pkg/models/shared/veteranstatus.md
  - docs/pkg/models/shared/eeoc.md
  - docs/pkg/models/shared/remotekey.md
  - docs/pkg/models/shared/generateremotekeyrequest.md
  - docs/pkg/models/shared/scheduledinterviewresponse.md
  - docs/pkg/models/shared/scheduledinterviewstatus.md
  - docs/pkg/models/shared/scheduledinterview.md
  - docs/pkg/models/shared/scheduledinterviewendpointrequest.md
  - docs/pkg/models/shared/scheduledinterviewrequeststatus.md
  - docs/pkg/models/shared/scheduledinterviewrequest.md
  - docs/pkg/models/shared/paginatedscheduledinterviewlist.md
  - docs/pkg/models/shared/paginatedissuelist.md
  - docs/pkg/models/shared/issuestatus.md
  - docs/pkg/models/shared/issue.md
  - docs/pkg/models/shared/paginatedjobinterviewstagelist.md
  - docs/pkg/models/shared/jobinterviewstage.md
  - docs/pkg/models/shared/paginatedjoblist.md
  - docs/pkg/models/shared/jobstatus.md
  - docs/pkg/models/shared/job.md
  - docs/pkg/models/shared/linktoken.md
  - docs/pkg/models/shared/enduserdetailsrequest.md
  - docs/pkg/models/shared/commonmodelscopesbodyrequest.md
  - docs/pkg/models/shared/enabledactionsenum.md
  - docs/pkg/models/shared/paginatedaccountdetailsandactionslist.md
  - docs/pkg/models/shared/accountdetailsandactionscategory.md
  - docs/pkg/models/shared/status.md
  - docs/pkg/models/shared/accountdetailsandactions.md
  - docs/pkg/models/shared/accountdetailsandactionsintegration.md
  - docs/pkg/models/shared/paginatedofferlist.md
  - docs/pkg/models/shared/offerstatus.md
  - docs/pkg/models/shared/offer.md
  - docs/pkg/models/shared/paginatedofficelist.md
  - docs/pkg/models/shared/office.md
  - docs/pkg/models/shared/remotekeyforregenerationrequest.md
  - docs/pkg/models/shared/paginatedrejectreasonlist.md
  - docs/pkg/models/shared/rejectreason.md
  - docs/pkg/models/shared/paginatedscorecardlist.md
  - docs/pkg/models/shared/overallrecommendation.md
  - docs/pkg/models/shared/scorecard.md
  - docs/pkg/models/shared/linkedaccountselectivesyncconfiguration.md
  - docs/pkg/models/shared/linkedaccountcondition.md
  - docs/pkg/models/shared/paginatedconditionschemalist.md
  - docs/pkg/models/shared/conditionschema.md
  - docs/pkg/models/shared/operatorschema.md
  - docs/pkg/models/shared/conditiontypeenum.md
  - docs/pkg/models/shared/linkedaccountselectivesyncconfigurationlistrequest.md
  - docs/pkg/models/shared/linkedaccountselectivesyncconfigurationrequest.md
  - docs/pkg/models/shared/linkedaccountconditionrequest.md
  - docs/pkg/models/shared/paginatedsyncstatuslist.md
  - docs/pkg/models/shared/syncstatusstatus.md
  - docs/pkg/models/shared/syncstatus.md
  - docs/pkg/models/shared/selectivesyncconfigurationsusageenum.md
  - docs/pkg/models/shared/paginatedtaglist.md
  - docs/pkg/models/shared/tag.md
  - docs/pkg/models/shared/paginatedremoteuserlist.md
  - docs/pkg/models/shared/accessrole.md
  - docs/pkg/models/shared/remoteuser.md
  - docs/pkg/models/shared/webhookreceiver.md
  - docs/pkg/models/shared/webhookreceiverrequest.md
  - docs/pkg/models/shared/security.md
  - docs/sdks/ats/README.md
  - docs/sdks/accountdetails/README.md
  - docs/sdks/accounttoken/README.md
  - docs/sdks/activities/README.md
  - docs/sdks/applications/README.md
  - docs/sdks/asyncpassthrough/README.md
  - docs/sdks/attachments/README.md
  - docs/sdks/availableactions/README.md
  - docs/sdks/candidates/README.md
  - docs/sdks/deleteaccount/README.md
  - docs/sdks/departments/README.md
  - docs/sdks/eeocs/README.md
  - docs/sdks/generatekey/README.md
  - docs/sdks/interviews/README.md
  - docs/sdks/issues/README.md
  - docs/sdks/jobinterviewstages/README.md
  - docs/sdks/jobs/README.md
  - docs/sdks/linktoken/README.md
  - docs/sdks/linkedaccounts/README.md
  - docs/sdks/offers/README.md
  - docs/sdks/offices/README.md
  - docs/sdks/passthrough/README.md
  - docs/sdks/regeneratekey/README.md
  - docs/sdks/rejectreasons/README.md
  - docs/sdks/scorecards/README.md
  - docs/sdks/selectivesync/README.md
  - docs/sdks/syncstatus/README.md
  - docs/sdks/forceresync/README.md
  - docs/sdks/tags/README.md
  - docs/sdks/users/README.md
  - docs/sdks/webhookreceivers/README.md
  - USAGE.md
  - .gitattributes
